
Microsoft Visual Studio Solution File, Format Version 12.00
# Visual Studio 2013
VisualStudioVersion = 12.0.30110.0
MinimumVisualStudioVersion = 10.0.40219.1
Project("{FAE04EC0-301F-11D3-BF4B-00C04F79EFBC}") = "GreeklishSoundComparer", "GreeklishSoundComparer\GreeklishSoundComparer.csproj", "{7D4688BF-C0D8-4F43-A41C-7960ACDBC57D}"
EndProject
Project("{FAE04EC0-301F-11D3-BF4B-00C04F79EFBC}") = "Test", "Test\Test.csproj", "{C78FCB7B-DB89-4580-9279-DC1E774B71E6}"
EndProject
Global
	GlobalSection(SolutionConfigurationPlatforms) = preSolution
		Debug|Any CPU = Debug|Any CPU
		Release|Any CPU = Release|Any CPU
	EndGlobalSection
	GlobalSection(ProjectConfigurationPlatforms) = postSolution
		{7D4688BF-C0D8-4F43-A41C-7960ACDBC57D}.Debug|Any CPU.ActiveCfg = Debug|Any CPU
		{7D4688BF-C0D8-4F43-A41C-7960ACDBC57D}.Debug|Any CPU.Build.0 = Debug|Any CPU
		{7D4688BF-C0D8-4F43-A41C-7960ACDBC57D}.Release|Any CPU.ActiveCfg = Release|Any CPU
		{7D4688BF-C0D8-4F43-A41C-7960ACDBC57D}.Release|Any CPU.Build.0 = Release|Any CPU
		{C78FCB7B-DB89-4580-9279-DC1E774B71E6}.Debug|Any CPU.ActiveCfg = Debug|Any CPU
		{C78FCB7B-DB89-4580-9279-DC1E774B71E6}.Debug|Any CPU.Build.0 = Debug|Any CPU
		{C78FCB7B-DB89-4580-9279-DC1E774B71E6}.Release|Any CPU.ActiveCfg = Release|Any CPU
		{C78FCB7B-DB89-4580-9279-DC1E774B71E6}.Release|Any CPU.Build.0 = Release|Any CPU
	EndGlobalSection
	GlobalSection(SolutionProperties) = preSolution
		HideSolutionNode = FALSE
	EndGlobalSection
EndGlobal
